
Microsoft Visual Studio Solution File, Format Version 12.00
# Visual Studio Version 17
VisualStudioVersion = 17.2.33027.314
MinimumVisualStudioVersion = 10.0.40219.1
Project("{FAE04EC0-301F-11D3-BF4B-00C04F79EFBC}") = "Server", "Server\Server.csproj", "{0EB2EC7A-B33F-4195-BB7A-44CE1EB5DABC}"
EndProject
Global
	GlobalSection(SolutionConfigurationPlatforms) = preSolution
		Debug|Any CPU = Debug|Any CPU
		Release|Any CPU = Release|Any CPU
	EndGlobalSection
	GlobalSection(ProjectConfigurationPlatforms) = postSolution
		{0EB2EC7A-B33F-4195-BB7A-44CE1EB5DABC}.Debug|Any CPU.ActiveCfg = Debug|Any CPU
		{0EB2EC7A-B33F-4195-BB7A-44CE1EB5DABC}.Debug|Any CPU.Build.0 = Debug|Any CPU
		{0EB2EC7A-B33F-4195-BB7A-44CE1EB5DABC}.Release|Any CPU.ActiveCfg = Release|Any CPU
		{0EB2EC7A-B33F-4195-BB7A-44CE1EB5DABC}.Release|Any CPU.Build.0 = Release|Any CPU
	EndGlobalSection
	GlobalSection(SolutionProperties) = preSolution
		HideSolutionNode = FALSE
	EndGlobalSection
	GlobalSection(ExtensibilityGlobals) = postSolution
		SolutionGuid = {54DCFB00-5FDC-4759-88A3-98075FD15514}
	EndGlobalSection
EndGlobal
